PODS:
  - CoinList (0.1.0)
  - SwiftLint (0.43.1)

DEPENDENCIES:
  - CoinList (from `../`)
  - SwiftLint

SPEC REPOS:
  trunk:
    - SwiftLint

EXTERNAL SOURCES:
  CoinList:
    :path: "../"

SPEC CHECKSUMS:
  CoinList: 44950cd5a2c00df63ace566f4267e5efbccf68c7
  SwiftLint: 99f82d07b837b942dd563c668de129a03fc3fb52

PODFILE CHECKSUM: 1ab66c89ac7ceb06faf0ea1c9b886a59bd79f8dd

COCOAPODS: 1.10.1
